// !$*UTF8*$!
{
	archiveVersion = 1;
	classes = {
	};
	objectVersion = 52;
	objects = {

/* Begin PBXBuildFile section */
		4E081BB529542D4300F31048 /* CustomCollectionView.swift in Sources */ = {isa = PBXBuildFile; fileRef = 4E081BB429542D4300F31048 /* CustomCollectionView.swift */; };
		4E10714128CCC13F000D4590 /* TabBarViewController.swift in Sources */ = {isa = PBXBuildFile; fileRef = 4E10714028CCC13F000D4590 /* TabBarViewController.swift */; };
		4E10714728CCC3F0000D4590 /* CustomCell.swift in Sources */ = {isa = PBXBuildFile; fileRef = 4E10714628CCC3F0000D4590 /* CustomCell.swift */; };
		4E10714928CCCA72000D4590 /* model.swift in Sources */ = {isa = PBXBuildFile; fileRef = 4E10714828CCCA72000D4590 /* model.swift */; };
		4E37AFE6294287AF00A512F2 /* UIViewPin.swift in Sources */ = {isa = PBXBuildFile; fileRef = 4E37AFE5294287AF00A512F2 /* UIViewPin.swift */; };
		4E449D0729388951003C7F99 /* MainMusicController.swift in Sources */ = {isa = PBXBuildFile; fileRef = 4E449D0529388951003C7F99 /* MainMusicController.swift */; };
		4E449D0829388951003C7F99 /* MainMusicPresenter.swift in Sources */ = {isa = PBXBuildFile; fileRef = 4E449D0629388951003C7F99 /* MainMusicPresenter.swift */; };
		4E648A9A289C01AE00F70193 /* AppDelegate.swift in Sources */ = {isa = PBXBuildFile; fileRef = 4E648A99289C01AE00F70193 /* AppDelegate.swift */; };
		4E648A9C289C01AE00F70193 /* SceneDelegate.swift in Sources */ = {isa = PBXBuildFile; fileRef = 4E648A9B289C01AE00F70193 /* SceneDelegate.swift */; };
		4E648A9E289C01AE00F70193 /* ViewController.swift in Sources */ = {isa = PBXBuildFile; fileRef = 4E648A9D289C01AE00F70193 /* ViewController.swift */; };
		4E648AA3289C01B000F70193 /* Assets.xcassets in Resources */ = {isa = PBXBuildFile; fileRef = 4E648AA2289C01B000F70193 /* Assets.xcassets */; };
		4E648AA6289C01B000F70193 /* LaunchScreen.storyboard in Resources */ = {isa = PBXBuildFile; fileRef = 4E648AA4289C01B000F70193 /* LaunchScreen.storyboard */; };
		4E648AAE289C01FC00F70193 /* GoogleService-Info.plist in Resources */ = {isa = PBXBuildFile; fileRef = 4E648AAD289C01FC00F70193 /* GoogleService-Info.plist */; };
		4E648AB2289C048A00F70193 /* AuthViewController.swift in Sources */ = {isa = PBXBuildFile; fileRef = 4E648AB1289C048A00F70193 /* AuthViewController.swift */; };
		4E66F671294EFD95001E1172 /* SnapKit in Frameworks */ = {isa = PBXBuildFile; productRef = 4E66F670294EFD95001E1172 /* SnapKit */; };
		4E7AF2662931EF49003F1DA0 /* LoaderImageView.swift in Sources */ = {isa = PBXBuildFile; fileRef = 4E7AF2652931EF49003F1DA0 /* LoaderImageView.swift */; };
		4E7E0963294528CD00D75F24 /* EnlargedViewController.swift in Sources */ = {isa = PBXBuildFile; fileRef = 4E7E0962294528CD00D75F24 /* EnlargedViewController.swift */; };
		4EB2AB0228D4CD8100EB9D81 /* MyCustomCell.swift in Sources */ = {isa = PBXBuildFile; fileRef = 4EB2AB0028D4CD8100EB9D81 /* MyCustomCell.swift */; };
		4EB2AB0328D4CD8100EB9D81 /* MyCustomCell.xib in Resources */ = {isa = PBXBuildFile; fileRef = 4EB2AB0128D4CD8100EB9D81 /* MyCustomCell.xib */; };
		4EEE11402936349F007BF8D7 /* RequestData.swift in Sources */ = {isa = PBXBuildFile; fileRef = 4EEE113F2936349F007BF8D7 /* RequestData.swift */; };
		D3E7E3CA7E595C646E643B86 /* Pods_CoockS.framework in Frameworks */ = {isa = PBXBuildFile; fileRef = 5890A0A414BD82440197854C /* Pods_CoockS.framework */; };
/* End PBXBuildFile section */

/* Begin PBXFileReference section */
		4E081BB429542D4300F31048 /* CustomCollectionView.swift */ = {isa = PBXFileReference; lastKnownFileType = sourcecode.swift; path = CustomCollectionView.swift; sourceTree = "<group>"; };
		4E10714028CCC13F000D4590 /* TabBarViewController.swift */ = {isa = PBXFileReference; lastKnownFileType = sourcecode.swift; path = TabBarViewController.swift; sourceTree = "<group>"; };
		4E10714628CCC3F0000D4590 /* CustomCell.swift */ = {isa = PBXFileReference; lastKnownFileType = sourcecode.swift; path = CustomCell.swift; sourceTree = "<group>"; };
		4E10714828CCCA72000D4590 /* model.swift */ = {isa = PBXFileReference; lastKnownFileType = sourcecode.swift; path = model.swift; sourceTree = "<group>"; };
		4E37AFE5294287AF00A512F2 /* UIViewPin.swift */ = {isa = PBXFileReference; lastKnownFileType = sourcecode.swift; path = UIViewPin.swift; sourceTree = "<group>"; };
		4E449D0529388951003C7F99 /* MainMusicController.swift */ = {isa = PBXFileReference; fileEncoding = 4; lastKnownFileType = sourcecode.swift; path = MainMusicController.swift; sourceTree = "<group>"; };
		4E449D0629388951003C7F99 /* MainMusicPresenter.swift */ = {isa = PBXFileReference; fileEncoding = 4; lastKnownFileType = sourcecode.swift; path = MainMusicPresenter.swift; sourceTree = "<group>"; };
		4E648A96289C01AE00F70193 /* CoockS.app */ = {isa = PBXFileReference; explicitFileType = wrapper.application; includeInIndex = 0; path = CoockS.app; sourceTree = BUILT_PRODUCTS_DIR; };
		4E648A99289C01AE00F70193 /* AppDelegate.swift */ = {isa = PBXFileReference; lastKnownFileType = sourcecode.swift; path = AppDelegate.swift; sourceTree = "<group>"; };
		4E648A9B289C01AE00F70193 /* SceneDelegate.swift */ = {isa = PBXFileReference; lastKnownFileType = sourcecode.swift; path = SceneDelegate.swift; sourceTree = "<group>"; };
		4E648A9D289C01AE00F70193 /* ViewController.swift */ = {isa = PBXFileReference; lastKnownFileType = sourcecode.swift; path = ViewController.swift; sourceTree = "<group>"; };
		4E648AA2289C01B000F70193 /* Assets.xcassets */ = {isa = PBXFileReference; lastKnownFileType = folder.assetcatalog; path = Assets.xcassets; sourceTree = "<group>"; };
		4E648AA5289C01B000F70193 /* Base */ = {isa = PBXFileReference; lastKnownFileType = file.storyboard; name = Base; path = Base.lproj/LaunchScreen.storyboard; sourceTree = "<group>"; };
		4E648AA7289C01B000F70193 /* Info.plist */ = {isa = PBXFileReference; lastKnownFileType = text.plist.xml; path = Info.plist; sourceTree = "<group>"; };
		4E648AAD289C01FC00F70193 /* GoogleService-Info.plist */ = {isa = PBXFileReference; fileEncoding = 4; lastKnownFileType = text.plist.xml; path = "GoogleService-Info.plist"; sourceTree = "<group>"; };
		4E648AB1289C048A00F70193 /* AuthViewController.swift */ = {isa = PBXFileReference; fileEncoding = 4; lastKnownFileType = sourcecode.swift; path = AuthViewController.swift; sourceTree = "<group>"; };
		4E7AF2652931EF49003F1DA0 /* LoaderImageView.swift */ = {isa = PBXFileReference; fileEncoding = 4; lastKnownFileType = sourcecode.swift; path = LoaderImageView.swift; sourceTree = "<group>"; };
		4E7E0962294528CD00D75F24 /* EnlargedViewController.swift */ = {isa = PBXFileReference; lastKnownFileType = sourcecode.swift; path = EnlargedViewController.swift; sourceTree = "<group>"; };
		4EB2AB0028D4CD8100EB9D81 /* MyCustomCell.swift */ = {isa = PBXFileReference; lastKnownFileType = sourcecode.swift; path = MyCustomCell.swift; sourceTree = "<group>"; };
		4EB2AB0128D4CD8100EB9D81 /* MyCustomCell.xib */ = {isa = PBXFileReference; lastKnownFileType = file.xib; path = MyCustomCell.xib; sourceTree = "<group>"; };
		4EEE113F2936349F007BF8D7 /* RequestData.swift */ = {isa = PBXFileReference; lastKnownFileType = sourcecode.swift; path = RequestData.swift; sourceTree = "<group>"; };
		5890A0A414BD82440197854C /* Pods_CoockS.framework */ = {isa = PBXFileReference; explicitFileType = wrapper.framework; includeInIndex = 0; path = Pods_CoockS.framework; sourceTree = BUILT_PRODUCTS_DIR; };
		BFB7869A152365D7F9B2A84B /* Pods-CoockS.release.xcconfig */ = {isa = PBXFileReference; includeInIndex = 1; lastKnownFileType = text.xcconfig; name = "Pods-CoockS.release.xcconfig"; path = "Target Support Files/Pods-CoockS/Pods-CoockS.release.xcconfig"; sourceTree = "<group>"; };
		F9B259F0728F2900C4995E73 /* Pods-CoockS.debug.xcconfig */ = {isa = PBXFileReference; includeInIndex = 1; lastKnownFileType = text.xcconfig; name = "Pods-CoockS.debug.xcconfig"; path = "Target Support Files/Pods-CoockS/Pods-CoockS.debug.xcconfig"; sourceTree = "<group>"; };
/* End PBXFileReference section */

/* Begin PBXFrameworksBuildPhase section */
		4E648A93289C01AE00F70193 /* Frameworks */ = {
			isa = PBXFrameworksBuildPhase;
			buildActionMask = 2147483647;
			files = (
				D3E7E3CA7E595C646E643B86 /* Pods_CoockS.framework in Frameworks */,
				4E66F671294EFD95001E1172 /* SnapKit in Frameworks */,
			);
			runOnlyForDeploymentPostprocessing = 0;
		};
/* End PBXFrameworksBuildPhase section */

/* Begin PBXGroup section */
		29408A4A6F1E08B166C8B08B /* Pods */ = {
			isa = PBXGroup;
			children = (
				F9B259F0728F2900C4995E73 /* Pods-CoockS.debug.xcconfig */,
				BFB7869A152365D7F9B2A84B /* Pods-CoockS.release.xcconfig */,
			);
			path = Pods;
			sourceTree = "<group>";
		};
		42C881FEAA17A158C0BE4DE1 /* Frameworks */ = {
			isa = PBXGroup;
			children = (
				5890A0A414BD82440197854C /* Pods_CoockS.framework */,
			);
			name = Frameworks;
			sourceTree = "<group>";
		};
		4E648A8D289C01AE00F70193 = {
			isa = PBXGroup;
			children = (
				4E648A98289C01AE00F70193 /* CoockS */,
				4E648A97289C01AE00F70193 /* Products */,
				29408A4A6F1E08B166C8B08B /* Pods */,
				42C881FEAA17A158C0BE4DE1 /* Frameworks */,
			);
			sourceTree = "<group>";
		};
		4E648A97289C01AE00F70193 /* Products */ = {
			isa = PBXGroup;
			children = (
				4E648A96289C01AE00F70193 /* CoockS.app */,
			);
			name = Products;
			sourceTree = "<group>";
		};
		4E648A98289C01AE00F70193 /* CoockS */ = {
			isa = PBXGroup;
			children = (
				4E648A99289C01AE00F70193 /* AppDelegate.swift */,
				4E648A9B289C01AE00F70193 /* SceneDelegate.swift */,
				4E648A9D289C01AE00F70193 /* ViewController.swift */,
				4E648AA2289C01B000F70193 /* Assets.xcassets */,
				4E648AA4289C01B000F70193 /* LaunchScreen.storyboard */,
				4E648AB1289C048A00F70193 /* AuthViewController.swift */,
				4E648AA7289C01B000F70193 /* Info.plist */,
				4E648AAD289C01FC00F70193 /* GoogleService-Info.plist */,
				4E10714028CCC13F000D4590 /* TabBarViewController.swift */,
				4E37AFE5294287AF00A512F2 /* UIViewPin.swift */,
				4E449D0529388951003C7F99 /* MainMusicController.swift */,
				4E449D0629388951003C7F99 /* MainMusicPresenter.swift */,
				4EEE113F2936349F007BF8D7 /* RequestData.swift */,
				4E10714828CCCA72000D4590 /* model.swift */,
				4E10714628CCC3F0000D4590 /* CustomCell.swift */,
				4E7AF2652931EF49003F1DA0 /* LoaderImageView.swift */,
				4E7E0962294528CD00D75F24 /* EnlargedViewController.swift */,
				4E081BB429542D4300F31048 /* CustomCollectionView.swift */,
				4EE73A0F293B62DF0040F1B4 /* MainModule */,
				4EE73A10293B63050040F1B4 /* Model */,
				4EB2AB0028D4CD8100EB9D81 /* MyCustomCell.swift */,
				4EB2AB0128D4CD8100EB9D81 /* MyCustomCell.xib */,
			);
			path = CoockS;
			sourceTree = "<group>";
		};
		4EE73A0F293B62DF0040F1B4 /* MainModule */ = {
			isa = PBXGroup;
			children = (
				4EE73A11293B63710040F1B4 /* MainView */,
				4EE73A12293B63820040F1B4 /* Presenter */,
			);
			path = MainModule;
			sourceTree = "<group>";
		};
		4EE73A10293B63050040F1B4 /* Model */ = {
			isa = PBXGroup;
			children = (
			);
			path = Model;
			sourceTree = "<group>";
		};
		4EE73A11293B63710040F1B4 /* MainView */ = {
			isa = PBXGroup;
			children = (
			);
			path = MainView;
			sourceTree = "<group>";
		};
		4EE73A12293B63820040F1B4 /* Presenter */ = {
			isa = PBXGroup;
			children = (
			);
			path = Presenter;
			sourceTree = "<group>";
		};
/* End PBXGroup section */

/* Begin PBXNativeTarget section */
		4E648A95289C01AE00F70193 /* CoockS */ = {
			isa = PBXNativeTarget;
			buildConfigurationList = 4E648AAA289C01B000F70193 /* Build configuration list for PBXNativeTarget "CoockS" */;
			buildPhases = (
				9DA172087ECA4DB895E32D2A /* [CP] Check Pods Manifest.lock */,
				4E648A92289C01AE00F70193 /* Sources */,
				4E648A93289C01AE00F70193 /* Frameworks */,
				4E648A94289C01AE00F70193 /* Resources */,
				9DDB5558B93226B611C8E104 /* [CP] Embed Pods Frameworks */,
			);
			buildRules = (
			);
			dependencies = (
			);
			name = CoockS;
			packageProductDependencies = (
				4E66F670294EFD95001E1172 /* SnapKit */,
			);
			productName = CoockS;
			productReference = 4E648A96289C01AE00F70193 /* CoockS.app */;
			productType = "com.apple.product-type.application";
		};
/* End PBXNativeTarget section */

/* Begin PBXProject section */
		4E648A8E289C01AE00F70193 /* Project object */ = {
			isa = PBXProject;
			attributes = {
				LastSwiftUpdateCheck = 1170;
				LastUpgradeCheck = 1170;
				ORGANIZATIONNAME = BigSynt;
				TargetAttributes = {
					4E648A95289C01AE00F70193 = {
						CreatedOnToolsVersion = 11.7;
					};
				};
			};
			buildConfigurationList = 4E648A91289C01AE00F70193 /* Build configuration list for PBXProject "CoockS" */;
			compatibilityVersion = "Xcode 9.3";
			developmentRegion = en;
			hasScannedForEncodings = 0;
			knownRegions = (
				en,
				Base,
			);
			mainGroup = 4E648A8D289C01AE00F70193;
			packageReferences = (
				4E66F66F294EFD95001E1172 /* XCRemoteSwiftPackageReference "SnapKit" */,
			);
			productRefGroup = 4E648A97289C01AE00F70193 /* Products */;
			projectDirPath = "";
			projectRoot = "";
			targets = (
				4E648A95289C01AE00F70193 /* CoockS */,
			);
		};
/* End PBXProject section */

/* Begin PBXResourcesBuildPhase section */
		4E648A94289C01AE00F70193 /* Resources */ = {
			isa = PBXResourcesBuildPhase;
			buildActionMask = 2147483647;
			files = (
				4E648AA6289C01B000F70193 /* LaunchScreen.storyboard in Resources */,
				4E648AAE289C01FC00F70193 /* GoogleService-Info.plist in Resources */,
				4E648AA3289C01B000F70193 /* Assets.xcassets in Resources */,
				4EB2AB0328D4CD8100EB9D81 /* MyCustomCell.xib in Resources */,
			);
			runOnlyForDeploymentPostprocessing = 0;
		};
/* End PBXResourcesBuildPhase section */

/* Begin PBXShellScriptBuildPhase section */
		9DA172087ECA4DB895E32D2A /* [CP] Check Pods Manifest.lock */ = {
			isa = PBXShellScriptBuildPhase;
			buildActionMask = 2147483647;
			files = (
			);
			inputFileListPaths = (
			);
			inputPaths = (
				"${PODS_PODFILE_DIR_PATH}/Podfile.lock",
				"${PODS_ROOT}/Manifest.lock",
			);
			name = "[CP] Check Pods Manifest.lock";
			outputFileListPaths = (
			);
			outputPaths = (
				"$(DERIVED_FILE_DIR)/Pods-CoockS-checkManifestLockResult.txt",
			);
			runOnlyForDeploymentPostprocessing = 0;
			shellPath = /bin/sh;
			shellScript = "diff \"${PODS_PODFILE_DIR_PATH}/Podfile.lock\" \"${PODS_ROOT}/Manifest.lock\" > /dev/null\nif [ $? != 0 ] ; then\n    # print error to STDERR\n    echo \"error: The sandbox is not in sync with the Podfile.lock. Run 'pod install' or update your CocoaPods installation.\" >&2\n    exit 1\nfi\n# This output is used by Xcode 'outputs' to avoid re-running this script phase.\necho \"SUCCESS\" > \"${SCRIPT_OUTPUT_FILE_0}\"\n";
			showEnvVarsInLog = 0;
		};
		9DDB5558B93226B611C8E104 /* [CP] Embed Pods Frameworks */ = {
			isa = PBXShellScriptBuildPhase;
			buildActionMask = 2147483647;
			files = (
			);
			inputFileListPaths = (
				"${PODS_ROOT}/Target Support Files/Pods-CoockS/Pods-CoockS-frameworks-${CONFIGURATION}-input-files.xcfilelist",
			);
			name = "[CP] Embed Pods Frameworks";
			outputFileListPaths = (
				"${PODS_ROOT}/Target Support Files/Pods-CoockS/Pods-CoockS-frameworks-${CONFIGURATION}-output-files.xcfilelist",
			);
			runOnlyForDeploymentPostprocessing = 0;
			shellPath = /bin/sh;
			shellScript = "\"${PODS_ROOT}/Target Support Files/Pods-CoockS/Pods-CoockS-frameworks.sh\"\n";
			showEnvVarsInLog = 0;
		};
/* End PBXShellScriptBuildPhase section */

/* Begin PBXSourcesBuildPhase section */
		4E648A92289C01AE00F70193 /* Sources */ = {
			isa = PBXSourcesBuildPhase;
			buildActionMask = 2147483647;
			files = (
				4E7E0963294528CD00D75F24 /* EnlargedViewController.swift in Sources */,
				4EB2AB0228D4CD8100EB9D81 /* MyCustomCell.swift in Sources */,
				4E449D0729388951003C7F99 /* MainMusicController.swift in Sources */,
				4EEE11402936349F007BF8D7 /* RequestData.swift in Sources */,
				4E37AFE6294287AF00A512F2 /* UIViewPin.swift in Sources */,
				4E081BB529542D4300F31048 /* CustomCollectionView.swift in Sources */,
				4E7AF2662931EF49003F1DA0 /* LoaderImageView.swift in Sources */,
				4E648AB2289C048A00F70193 /* AuthViewController.swift in Sources */,
				4E648A9E289C01AE00F70193 /* ViewController.swift in Sources */,
				4E648A9A289C01AE00F70193 /* AppDelegate.swift in Sources */,
				4E10714128CCC13F000D4590 /* TabBarViewController.swift in Sources */,
				4E10714728CCC3F0000D4590 /* CustomCell.swift in Sources */,
				4E449D0829388951003C7F99 /* MainMusicPresenter.swift in Sources */,
				4E648A9C289C01AE00F70193 /* SceneDelegate.swift in Sources */,
				4E10714928CCCA72000D4590 /* model.swift in Sources */,
			);
			runOnlyForDeploymentPostprocessing = 0;
		};
/* End PBXSourcesBuildPhase section */

/* Begin PBXVariantGroup section */
		4E648AA4289C01B000F70193 /* LaunchScreen.storyboard */ = {
			isa = PBXVariantGroup;
			children = (
				4E648AA5289C01B000F70193 /* Base */,
			);
			name = LaunchScreen.storyboard;
			sourceTree = "<group>";
		};
/* End PBXVariantGroup section */

/* Begin XCBuildConfiguration section */
		4E648AA8289C01B000F70193 /* Debug */ = {
			isa = XCBuildConfiguration;
			buildSettings = {
				ALWAYS_SEARCH_USER_PATHS = NO;
				CLANG_ANALYZER_NONNULL = YES;
				CLANG_ANALYZER_NUMBER_OBJECT_CONVERSION = YES_AGGRESSIVE;
				CLANG_CXX_LANGUAGE_STANDARD = "gnu++14";
				CLANG_CXX_LIBRARY = "libc++";
				CLANG_ENABLE_MODULES = YES;
				CLANG_ENABLE_OBJC_ARC = YES;
				CLANG_ENABLE_OBJC_WEAK = YES;
				CLANG_WARN_BLOCK_CAPTURE_AUTORELEASING = YES;
				CLANG_WARN_BOOL_CONVERSION = YES;
				CLANG_WARN_COMMA = YES;
				CLANG_WARN_CONSTANT_CONVERSION = YES;
				CLANG_WARN_DEPRECATED_OBJC_IMPLEMENTATIONS = YES;
				CLANG_WARN_DIRECT_OBJC_ISA_USAGE = YES_ERROR;
				CLANG_WARN_DOCUMENTATION_COMMENTS = YES;
				CLANG_WARN_EMPTY_BODY = YES;
				CLANG_WARN_ENUM_CONVERSION = YES;
				CLANG_WARN_INFINITE_RECURSION = YES;
				CLANG_WARN_INT_CONVERSION = YES;
				CLANG_WARN_NON_LITERAL_NULL_CONVERSION = YES;
				CLANG_WARN_OBJC_IMPLICIT_RETAIN_SELF = YES;
				CLANG_WARN_OBJC_LITERAL_CONVERSION = YES;
				CLANG_WARN_OBJC_ROOT_CLASS = YES_ERROR;
				CLANG_WARN_RANGE_LOOP_ANALYSIS = YES;
				CLANG_WARN_STRICT_PROTOTYPES = YES;
				CLANG_WARN_SUSPICIOUS_MOVE = YES;
				CLANG_WARN_UNGUARDED_AVAILABILITY = YES_AGGRESSIVE;
				CLANG_WARN_UNREACHABLE_CODE = YES;
				CLANG_WARN__DUPLICATE_METHOD_MATCH = YES;
				COPY_PHASE_STRIP = NO;
				DEBUG_INFORMATION_FORMAT = dwarf;
				ENABLE_STRICT_OBJC_MSGSEND = YES;
				ENABLE_TESTABILITY = YES;
				GCC_C_LANGUAGE_STANDARD = gnu11;
				GCC_DYNAMIC_NO_PIC = NO;
				GCC_NO_COMMON_BLOCKS = YES;
				GCC_OPTIMIZATION_LEVEL = 0;
				GCC_PREPROCESSOR_DEFINITIONS = (
					"DEBUG=1",
					"$(inherited)",
				);
				GCC_WARN_64_TO_32_BIT_CONVERSION = YES;
				GCC_WARN_ABOUT_RETURN_TYPE = YES_ERROR;
				GCC_WARN_UNDECLARED_SELECTOR = YES;
				GCC_WARN_UNINITIALIZED_AUTOS = YES_AGGRESSIVE;
				GCC_WARN_UNUSED_FUNCTION = YES;
				GCC_WARN_UNUSED_VARIABLE = YES;
				IPHONEOS_DEPLOYMENT_TARGET = 13.7;
				MTL_ENABLE_DEBUG_INFO = INCLUDE_SOURCE;
				MTL_FAST_MATH = YES;
				ONLY_ACTIVE_ARCH = YES;
				SDKROOT = iphoneos;
				SWIFT_ACTIVE_COMPILATION_CONDITIONS = DEBUG;
				SWIFT_OPTIMIZATION_LEVEL = "-Onone";
			};
			name = Debug;
		};
		4E648AA9289C01B000F70193 /* Release */ = {
			isa = XCBuildConfiguration;
			buildSettings = {
				ALWAYS_SEARCH_USER_PATHS = NO;
				CLANG_ANALYZER_NONNULL = YES;
				CLANG_ANALYZER_NUMBER_OBJECT_CONVERSION = YES_AGGRESSIVE;
				CLANG_CXX_LANGUAGE_STANDARD = "gnu++14";
				CLANG_CXX_LIBRARY = "libc++";
				CLANG_ENABLE_MODULES = YES;
				CLANG_ENABLE_OBJC_ARC = YES;
				CLANG_ENABLE_OBJC_WEAK = YES;
				CLANG_WARN_BLOCK_CAPTURE_AUTORELEASING = YES;
				CLANG_WARN_BOOL_CONVERSION = YES;
				CLANG_WARN_COMMA = YES;
				CLANG_WARN_CONSTANT_CONVERSION = YES;
				CLANG_WARN_DEPRECATED_OBJC_IMPLEMENTATIONS = YES;
				CLANG_WARN_DIRECT_OBJC_ISA_USAGE = YES_ERROR;
				CLANG_WARN_DOCUMENTATION_COMMENTS = YES;
				CLANG_WARN_EMPTY_BODY = YES;
				CLANG_WARN_ENUM_CONVERSION = YES;
				CLANG_WARN_INFINITE_RECURSION = YES;
				CLANG_WARN_INT_CONVERSION = YES;
				CLANG_WARN_NON_LITERAL_NULL_CONVERSION = YES;
				CLANG_WARN_OBJC_IMPLICIT_RETAIN_SELF = YES;
				CLANG_WARN_OBJC_LITERAL_CONVERSION = YES;
				CLANG_WARN_OBJC_ROOT_CLASS = YES_ERROR;
				CLANG_WARN_RANGE_LOOP_ANALYSIS = YES;
				CLANG_WARN_STRICT_PROTOTYPES = YES;
				CLANG_WARN_SUSPICIOUS_MOVE = YES;
				CLANG_WARN_UNGUARDED_AVAILABILITY = YES_AGGRESSIVE;
				CLANG_WARN_UNREACHABLE_CODE = YES;
				CLANG_WARN__DUPLICATE_METHOD_MATCH = YES;
				COPY_PHASE_STRIP = NO;
				DEBUG_INFORMATION_FORMAT = "dwarf-with-dsym";
				ENABLE_NS_ASSERTIONS = NO;
				ENABLE_STRICT_OBJC_MSGSEND = YES;
				GCC_C_LANGUAGE_STANDARD = gnu11;
				GCC_NO_COMMON_BLOCKS = YES;
				GCC_WARN_64_TO_32_BIT_CONVERSION = YES;
				GCC_WARN_ABOUT_RETURN_TYPE = YES_ERROR;
				GCC_WARN_UNDECLARED_SELECTOR = YES;
				GCC_WARN_UNINITIALIZED_AUTOS = YES_AGGRESSIVE;
				GCC_WARN_UNUSED_FUNCTION = YES;
				GCC_WARN_UNUSED_VARIABLE = YES;
				IPHONEOS_DEPLOYMENT_TARGET = 13.7;
				MTL_ENABLE_DEBUG_INFO = NO;
				MTL_FAST_MATH = YES;
				SDKROOT = iphoneos;
				SWIFT_COMPILATION_MODE = wholemodule;
				SWIFT_OPTIMIZATION_LEVEL = "-O";
				VALIDATE_PRODUCT = YES;
			};
			name = Release;
		};
		4E648AAB289C01B000F70193 /* Debug */ = {
			isa = XCBuildConfiguration;
			baseConfigurationReference = F9B259F0728F2900C4995E73 /* Pods-CoockS.debug.xcconfig */;
			buildSettings = {
				ASSETCATALOG_COMPILER_APPICON_NAME = AppIcon;
				CODE_SIGN_STYLE = Automatic;
				DEVELOPMENT_TEAM = 4FMRA973NJ;
				INFOPLIST_FILE = CoockS/Info.plist;
				LD_RUNPATH_SEARCH_PATHS = (
					"$(inherited)",
					"@executable_path/Frameworks",
				);
				PRODUCT_BUNDLE_IDENTIFIER = uin.CoockS;
				PRODUCT_NAME = "$(TARGET_NAME)";
				SWIFT_VERSION = 5.0;
				TARGETED_DEVICE_FAMILY = "1,2";
			};
			name = Debug;
		};
		4E648AAC289C01B000F70193 /* Release */ = {
			isa = XCBuildConfiguration;
			baseConfigurationReference = BFB7869A152365D7F9B2A84B /* Pods-CoockS.release.xcconfig */;
			buildSettings = {
				ASSETCATALOG_COMPILER_APPICON_NAME = AppIcon;
				CODE_SIGN_STYLE = Automatic;
				DEVELOPMENT_TEAM = 4FMRA973NJ;
				INFOPLIST_FILE = CoockS/Info.plist;
				LD_RUNPATH_SEARCH_PATHS = (
					"$(inherited)",
					"@executable_path/Frameworks",
				);
				PRODUCT_BUNDLE_IDENTIFIER = uin.CoockS;
				PRODUCT_NAME = "$(TARGET_NAME)";
				SWIFT_VERSION = 5.0;
				TARGETED_DEVICE_FAMILY = "1,2";
			};
			name = Release;
		};
/* End XCBuildConfiguration section */

/* Begin XCConfigurationList section */
		4E648A91289C01AE00F70193 /* Build configuration list for PBXProject "CoockS" */ = {
			isa = XCConfigurationList;
			buildConfigurations = (
				4E648AA8289C01B000F70193 /* Debug */,
				4E648AA9289C01B000F70193 /* Release */,
			);
			defaultConfigurationIsVisible = 0;
			defaultConfigurationName = Release;
		};
		4E648AAA289C01B000F70193 /* Build configuration list for PBXNativeTarget "CoockS" */ = {
			isa = XCConfigurationList;
			buildConfigurations = (
				4E648AAB289C01B000F70193 /* Debug */,
				4E648AAC289C01B000F70193 /* Release */,
			);
			defaultConfigurationIsVisible = 0;
			defaultConfigurationName = Release;
		};
/* End XCConfigurationList section */

/* Begin XCRemoteSwiftPackageReference section */
		4E66F66F294EFD95001E1172 /* XCRemoteSwiftPackageReference "SnapKit" */ = {
			isa = XCRemoteSwiftPackageReference;
			repositoryURL = "https://github.com/SnapKit/SnapKit.git";
			requirement = {
				kind = versionRange;
				maximumVersion = 5.6.0;
				minimumVersion = 4.0.0;
			};
		};
/* End XCRemoteSwiftPackageReference section */

/* Begin XCSwiftPackageProductDependency section */
		4E66F670294EFD95001E1172 /* SnapKit */ = {
			isa = XCSwiftPackageProductDependency;
			package = 4E66F66F294EFD95001E1172 /* XCRemoteSwiftPackageReference "SnapKit" */;
			productName = SnapKit;
		};
/* End XCSwiftPackageProductDependency section */
	};
	rootObject = 4E648A8E289C01AE00F70193 /* Project object */;
}
